# THIS IS AN AUTOGENERATED FILE. DO NOT EDIT THIS FILE DIRECTLY.
# yarn lockfile v1


echarts-leaflet@^1.0.0:
  version "1.0.0"
  resolved "https://registry.yarnpkg.com/echarts-leaflet/-/echarts-leaflet-1.0.0.tgz#f021fd0a1125402621ef285b2d48ebacdc956927"

echarts@^3.8.5:
  version "3.8.5"
  resolved "https://registry.yarnpkg.com/echarts/-/echarts-3.8.5.tgz#58e4a51d2743c6fb75257b0dc0a9cf9f5378ac0e"
  dependencies:
    zrender "3.7.4"

leaflet@^1.3.1:
  version "1.3.1"
  resolved "https://registry.yarnpkg.com/leaflet/-/leaflet-1.3.1.tgz#86f336d2fb0e2d0ff446677049a5dc34cf0ea60e"

zrender@3.7.4:
  version "3.7.4"
  resolved "https://registry.yarnpkg.com/zrender/-/zrender-3.7.4.tgz#f847d53948481ef6d42906d1ea9aeec7acbefdf2"
