# THIS IS AN AUTOGENERATED FILE. DO NOT EDIT THIS FILE DIRECTLY.
# yarn lockfile v1


echarts@^3.6.2:
  version "3.6.2"
  resolved "https://registry.yarnpkg.com/echarts/-/echarts-3.6.2.tgz#862954c8b5810bff87a48b0de0416ed8c4bb1c36"
  dependencies:
    zrender "^3.5.2"

leaflet@^1.1.0:
  version "1.1.0"
  resolved "https://registry.yarnpkg.com/leaflet/-/leaflet-1.1.0.tgz#63246715cfc783dca6798b843a250e8e6fd84918"

zrender@^3.5.2:
  version "3.5.2"
  resolved "https://registry.yarnpkg.com/zrender/-/zrender-3.5.2.tgz#e770cbe978b5f4981c1b93d9b84147a3474f21d2"
